
Microsoft Visual Studio Solution File, Format Version 12.00
Project("{FAE04EC0-301F-11D3-BF4B-00C04F79EFBC}") = "HexaVerticalSlice.Api", "_common\HexaVerticalSlice.Api\HexaVerticalSlice.Api.csproj", "{1530C240-32E3-4113-9D87-6F0BA0D7906A}"
EndProject
Project("{FAE04EC0-301F-11D3-BF4B-00C04F79EFBC}") = "HexaVerticalSlice.BC.Networking", "Networking\HexaVerticalSlice.BC.Networking\HexaVerticalSlice.BC.Networking.csproj", "{A08D626B-B398-4B74-B55C-DC3760FB98BF}"
EndProject
Project("{FAE04EC0-301F-11D3-BF4B-00C04F79EFBC}") = "HexaVerticalSlice.BC.FeedComputation", "FeedComputation\HexaVerticalSlice.BC.FeedComputation\HexaVerticalSlice.BC.FeedComputation.csproj", "{B6A2D7AF-445F-4C49-B486-CF1F812E5560}"
EndProject
Project("{FAE04EC0-301F-11D3-BF4B-00C04F79EFBC}") = "HexaVerticalSlice.Api.Tests.Acceptance", "_common\HexaVerticalSlice.Api.Tests.Acceptance\HexaVerticalSlice.Api.Tests.Acceptance.csproj", "{708DDC9D-F778-4D02-ACBB-753DF2C5A996}"
EndProject
Project("{FAE04EC0-301F-11D3-BF4B-00C04F79EFBC}") = "HexaVerticalSlice.Api.BuildingBlocks", "_common\HexaVerticalSlice.Api.BuildingBlocks\HexaVerticalSlice.Api.BuildingBlocks.csproj", "{A291923E-41E6-431D-A4E9-ADFDF05D1C47}"
EndProject
Project("{FAE04EC0-301F-11D3-BF4B-00C04F79EFBC}") = "HexaVerticalSlice.BC.AccountManagement", "AccountManagement\HexaVerticalSlice.BC.AccountManagement\HexaVerticalSlice.BC.AccountManagement.csproj", "{B8922D89-8B27-44B4-BE32-1A8E7638719C}"
EndProject
Project("{FAE04EC0-301F-11D3-BF4B-00C04F79EFBC}") = "HexaVerticalSlice.BC.AccountManagement.Contracts", "AccountManagement\HexaVerticalSlice.BC.AccountManagement.Contracts\HexaVerticalSlice.BC.AccountManagement.Contracts.csproj", "{3F472F19-74C1-46F4-A3DD-020EC0431E06}"
EndProject
Project("{FAE04EC0-301F-11D3-BF4B-00C04F79EFBC}") = "HexaVerticalSlice.BC.Networking.Contracts", "Networking\HexaVerticalSlice.BC.Networking.Contracts\HexaVerticalSlice.BC.Networking.Contracts.csproj", "{F355724B-5B88-4C21-8589-385E9EE0C764}"
EndProject
Project("{2150E333-8FDC-42A3-9474-1A3956D46DE8}") = "AccountManagement", "AccountManagement", "{F9BD7F98-4415-4358-A353-F6F007201DF7}"
EndProject
Project("{2150E333-8FDC-42A3-9474-1A3956D46DE8}") = "FeedComputation", "FeedComputation", "{2612D5DF-ADAC-4AA8-A070-29E3466659D0}"
EndProject
Project("{2150E333-8FDC-42A3-9474-1A3956D46DE8}") = "Networking", "Networking", "{33FE7905-5AE8-4F60-BE7A-63F56F47867E}"
EndProject
Project("{2150E333-8FDC-42A3-9474-1A3956D46DE8}") = "_Doc", "_Doc", "{5DACF411-5AF3-4FDA-85E9-F701B882D2B7}"
	ProjectSection(SolutionItems) = preProject
		..\README.md = ..\README.md
	EndProjectSection
EndProject
Global
	GlobalSection(SolutionConfigurationPlatforms) = preSolution
		Debug|Any CPU = Debug|Any CPU
		Release|Any CPU = Release|Any CPU
	EndGlobalSection
	GlobalSection(ProjectConfigurationPlatforms) = postSolution
		{1530C240-32E3-4113-9D87-6F0BA0D7906A}.Debug|Any CPU.ActiveCfg = Debug|Any CPU
		{1530C240-32E3-4113-9D87-6F0BA0D7906A}.Debug|Any CPU.Build.0 = Debug|Any CPU
		{1530C240-32E3-4113-9D87-6F0BA0D7906A}.Release|Any CPU.ActiveCfg = Release|Any CPU
		{1530C240-32E3-4113-9D87-6F0BA0D7906A}.Release|Any CPU.Build.0 = Release|Any CPU
		{A08D626B-B398-4B74-B55C-DC3760FB98BF}.Debug|Any CPU.ActiveCfg = Debug|Any CPU
		{A08D626B-B398-4B74-B55C-DC3760FB98BF}.Debug|Any CPU.Build.0 = Debug|Any CPU
		{A08D626B-B398-4B74-B55C-DC3760FB98BF}.Release|Any CPU.ActiveCfg = Release|Any CPU
		{A08D626B-B398-4B74-B55C-DC3760FB98BF}.Release|Any CPU.Build.0 = Release|Any CPU
		{B6A2D7AF-445F-4C49-B486-CF1F812E5560}.Debug|Any CPU.ActiveCfg = Debug|Any CPU
		{B6A2D7AF-445F-4C49-B486-CF1F812E5560}.Debug|Any CPU.Build.0 = Debug|Any CPU
		{B6A2D7AF-445F-4C49-B486-CF1F812E5560}.Release|Any CPU.ActiveCfg = Release|Any CPU
		{B6A2D7AF-445F-4C49-B486-CF1F812E5560}.Release|Any CPU.Build.0 = Release|Any CPU
		{708DDC9D-F778-4D02-ACBB-753DF2C5A996}.Debug|Any CPU.ActiveCfg = Debug|Any CPU
		{708DDC9D-F778-4D02-ACBB-753DF2C5A996}.Debug|Any CPU.Build.0 = Debug|Any CPU
		{708DDC9D-F778-4D02-ACBB-753DF2C5A996}.Release|Any CPU.ActiveCfg = Release|Any CPU
		{708DDC9D-F778-4D02-ACBB-753DF2C5A996}.Release|Any CPU.Build.0 = Release|Any CPU
		{A291923E-41E6-431D-A4E9-ADFDF05D1C47}.Debug|Any CPU.ActiveCfg = Debug|Any CPU
		{A291923E-41E6-431D-A4E9-ADFDF05D1C47}.Debug|Any CPU.Build.0 = Debug|Any CPU
		{A291923E-41E6-431D-A4E9-ADFDF05D1C47}.Release|Any CPU.ActiveCfg = Release|Any CPU
		{A291923E-41E6-431D-A4E9-ADFDF05D1C47}.Release|Any CPU.Build.0 = Release|Any CPU
		{B8922D89-8B27-44B4-BE32-1A8E7638719C}.Debug|Any CPU.ActiveCfg = Debug|Any CPU
		{B8922D89-8B27-44B4-BE32-1A8E7638719C}.Debug|Any CPU.Build.0 = Debug|Any CPU
		{B8922D89-8B27-44B4-BE32-1A8E7638719C}.Release|Any CPU.ActiveCfg = Release|Any CPU
		{B8922D89-8B27-44B4-BE32-1A8E7638719C}.Release|Any CPU.Build.0 = Release|Any CPU
		{3F472F19-74C1-46F4-A3DD-020EC0431E06}.Debug|Any CPU.ActiveCfg = Debug|Any CPU
		{3F472F19-74C1-46F4-A3DD-020EC0431E06}.Debug|Any CPU.Build.0 = Debug|Any CPU
		{3F472F19-74C1-46F4-A3DD-020EC0431E06}.Release|Any CPU.ActiveCfg = Release|Any CPU
		{3F472F19-74C1-46F4-A3DD-020EC0431E06}.Release|Any CPU.Build.0 = Release|Any CPU
		{F355724B-5B88-4C21-8589-385E9EE0C764}.Debug|Any CPU.ActiveCfg = Debug|Any CPU
		{F355724B-5B88-4C21-8589-385E9EE0C764}.Debug|Any CPU.Build.0 = Debug|Any CPU
		{F355724B-5B88-4C21-8589-385E9EE0C764}.Release|Any CPU.ActiveCfg = Release|Any CPU
		{F355724B-5B88-4C21-8589-385E9EE0C764}.Release|Any CPU.Build.0 = Release|Any CPU
	EndGlobalSection
	GlobalSection(NestedProjects) = preSolution
		{B8922D89-8B27-44B4-BE32-1A8E7638719C} = {F9BD7F98-4415-4358-A353-F6F007201DF7}
		{3F472F19-74C1-46F4-A3DD-020EC0431E06} = {F9BD7F98-4415-4358-A353-F6F007201DF7}
		{B6A2D7AF-445F-4C49-B486-CF1F812E5560} = {2612D5DF-ADAC-4AA8-A070-29E3466659D0}
		{A08D626B-B398-4B74-B55C-DC3760FB98BF} = {33FE7905-5AE8-4F60-BE7A-63F56F47867E}
		{F355724B-5B88-4C21-8589-385E9EE0C764} = {33FE7905-5AE8-4F60-BE7A-63F56F47867E}
	EndGlobalSection
EndGlobal
