
Microsoft Visual Studio Solution File, Format Version 12.00
Project("{FAE04EC0-301F-11D3-BF4B-00C04F79EFBC}") = "HexaVerticalSlice.Api", "api\HexaVerticalSlice.Api\HexaVerticalSlice.Api.csproj", "{1530C240-32E3-4113-9D87-6F0BA0D7906A}"
EndProject
Project("{FAE04EC0-301F-11D3-BF4B-00C04F79EFBC}") = "HexaVerticalSlice.BC.ProfileEdition", "api\HexaVerticalSlice.BC.ProfileEdition\HexaVerticalSlice.BC.ProfileEdition.csproj", "{2E03B026-8352-4501-8148-77EF7CB07DE4}"
EndProject
Project("{FAE04EC0-301F-11D3-BF4B-00C04F79EFBC}") = "HexaVerticalSlice.BC.FeedDisplay", "api\HexaVerticalSlice.BC.FeedDisplay\HexaVerticalSlice.BC.FeedDisplay.csproj", "{A08D626B-B398-4B74-B55C-DC3760FB98BF}"
EndProject
Project("{2150E333-8FDC-42A3-9474-1A3956D46DE8}") = "API", "API", "{93384C4A-51D6-4B1B-9F92-9BB071D254A2}"
EndProject
Project("{FAE04EC0-301F-11D3-BF4B-00C04F79EFBC}") = "HexaVerticalSlice.BC.UserNotification", "api\HexaVerticalSlice.BC.UserNotification\HexaVerticalSlice.BC.UserNotification.csproj", "{B6A2D7AF-445F-4C49-B486-CF1F812E5560}"
EndProject
Project("{2150E333-8FDC-42A3-9474-1A3956D46DE8}") = "APP", "APP", "{4C025919-8F18-4829-9DF7-3E142B62B1B6}"
EndProject
Project("{FAE04EC0-301F-11D3-BF4B-00C04F79EFBC}") = "HexaVerticalSlice.BC.FeedDisplay.Tests.Acceptance", "api\HexaVerticalSlice.BC.FeedDisplay.Tests.Acceptance\HexaVerticalSlice.BC.FeedDisplay.Tests.Acceptance.csproj", "{708DDC9D-F778-4D02-ACBB-753DF2C5A996}"
EndProject
Project("{FAE04EC0-301F-11D3-BF4B-00C04F79EFBC}") = "HexaVerticalSlice.Api.BuildingBlocks", "api\HexaVerticalSlice.Api.BuildingBlocks\HexaVerticalSlice.Api.BuildingBlocks.csproj", "{A291923E-41E6-431D-A4E9-ADFDF05D1C47}"
EndProject
Project("{FAE04EC0-301F-11D3-BF4B-00C04F79EFBC}") = "HexaVerticalSlice.BC.AccountManagement", "api\HexaVerticalSlice.BC.AccountManagement\HexaVerticalSlice.BC.AccountManagement.csproj", "{B8922D89-8B27-44B4-BE32-1A8E7638719C}"
EndProject
Global
	GlobalSection(SolutionConfigurationPlatforms) = preSolution
		Debug|Any CPU = Debug|Any CPU
		Release|Any CPU = Release|Any CPU
	EndGlobalSection
	GlobalSection(ProjectConfigurationPlatforms) = postSolution
		{1530C240-32E3-4113-9D87-6F0BA0D7906A}.Debug|Any CPU.ActiveCfg = Debug|Any CPU
		{1530C240-32E3-4113-9D87-6F0BA0D7906A}.Debug|Any CPU.Build.0 = Debug|Any CPU
		{1530C240-32E3-4113-9D87-6F0BA0D7906A}.Release|Any CPU.ActiveCfg = Release|Any CPU
		{1530C240-32E3-4113-9D87-6F0BA0D7906A}.Release|Any CPU.Build.0 = Release|Any CPU
		{2E03B026-8352-4501-8148-77EF7CB07DE4}.Debug|Any CPU.ActiveCfg = Debug|Any CPU
		{2E03B026-8352-4501-8148-77EF7CB07DE4}.Debug|Any CPU.Build.0 = Debug|Any CPU
		{2E03B026-8352-4501-8148-77EF7CB07DE4}.Release|Any CPU.ActiveCfg = Release|Any CPU
		{2E03B026-8352-4501-8148-77EF7CB07DE4}.Release|Any CPU.Build.0 = Release|Any CPU
		{A08D626B-B398-4B74-B55C-DC3760FB98BF}.Debug|Any CPU.ActiveCfg = Debug|Any CPU
		{A08D626B-B398-4B74-B55C-DC3760FB98BF}.Debug|Any CPU.Build.0 = Debug|Any CPU
		{A08D626B-B398-4B74-B55C-DC3760FB98BF}.Release|Any CPU.ActiveCfg = Release|Any CPU
		{A08D626B-B398-4B74-B55C-DC3760FB98BF}.Release|Any CPU.Build.0 = Release|Any CPU
		{B6A2D7AF-445F-4C49-B486-CF1F812E5560}.Debug|Any CPU.ActiveCfg = Debug|Any CPU
		{B6A2D7AF-445F-4C49-B486-CF1F812E5560}.Debug|Any CPU.Build.0 = Debug|Any CPU
		{B6A2D7AF-445F-4C49-B486-CF1F812E5560}.Release|Any CPU.ActiveCfg = Release|Any CPU
		{B6A2D7AF-445F-4C49-B486-CF1F812E5560}.Release|Any CPU.Build.0 = Release|Any CPU
		{708DDC9D-F778-4D02-ACBB-753DF2C5A996}.Debug|Any CPU.ActiveCfg = Debug|Any CPU
		{708DDC9D-F778-4D02-ACBB-753DF2C5A996}.Debug|Any CPU.Build.0 = Debug|Any CPU
		{708DDC9D-F778-4D02-ACBB-753DF2C5A996}.Release|Any CPU.ActiveCfg = Release|Any CPU
		{708DDC9D-F778-4D02-ACBB-753DF2C5A996}.Release|Any CPU.Build.0 = Release|Any CPU
		{A291923E-41E6-431D-A4E9-ADFDF05D1C47}.Debug|Any CPU.ActiveCfg = Debug|Any CPU
		{A291923E-41E6-431D-A4E9-ADFDF05D1C47}.Debug|Any CPU.Build.0 = Debug|Any CPU
		{A291923E-41E6-431D-A4E9-ADFDF05D1C47}.Release|Any CPU.ActiveCfg = Release|Any CPU
		{A291923E-41E6-431D-A4E9-ADFDF05D1C47}.Release|Any CPU.Build.0 = Release|Any CPU
		{B8922D89-8B27-44B4-BE32-1A8E7638719C}.Debug|Any CPU.ActiveCfg = Debug|Any CPU
		{B8922D89-8B27-44B4-BE32-1A8E7638719C}.Debug|Any CPU.Build.0 = Debug|Any CPU
		{B8922D89-8B27-44B4-BE32-1A8E7638719C}.Release|Any CPU.ActiveCfg = Release|Any CPU
		{B8922D89-8B27-44B4-BE32-1A8E7638719C}.Release|Any CPU.Build.0 = Release|Any CPU
	EndGlobalSection
	GlobalSection(NestedProjects) = preSolution
		{1530C240-32E3-4113-9D87-6F0BA0D7906A} = {93384C4A-51D6-4B1B-9F92-9BB071D254A2}
		{A08D626B-B398-4B74-B55C-DC3760FB98BF} = {93384C4A-51D6-4B1B-9F92-9BB071D254A2}
		{2E03B026-8352-4501-8148-77EF7CB07DE4} = {93384C4A-51D6-4B1B-9F92-9BB071D254A2}
		{B6A2D7AF-445F-4C49-B486-CF1F812E5560} = {93384C4A-51D6-4B1B-9F92-9BB071D254A2}
		{708DDC9D-F778-4D02-ACBB-753DF2C5A996} = {93384C4A-51D6-4B1B-9F92-9BB071D254A2}
		{A291923E-41E6-431D-A4E9-ADFDF05D1C47} = {93384C4A-51D6-4B1B-9F92-9BB071D254A2}
		{B8922D89-8B27-44B4-BE32-1A8E7638719C} = {93384C4A-51D6-4B1B-9F92-9BB071D254A2}
	EndGlobalSection
EndGlobal
